
Microsoft Visual Studio Solution File, Format Version 12.00
# Visual Studio Version 16
VisualStudioVersion = 16.0.31321.278
MinimumVisualStudioVersion = 10.0.40219.1
Project("{FAE04EC0-301F-11D3-BF4B-00C04F79EFBC}") = "ShopApplication.Project", "ShopApplication.Project\ShopApplication.Project.csproj", "{ECD97CFC-172A-48BE-9F15-EECE7E4A0FDB}"
EndProject
Global
	GlobalSection(SolutionConfigurationPlatforms) = preSolution
		Debug|Any CPU = Debug|Any CPU
		Release|Any CPU = Release|Any CPU
	EndGlobalSection
	GlobalSection(ProjectConfigurationPlatforms) = postSolution
		{ECD97CFC-172A-48BE-9F15-EECE7E4A0FDB}.Debug|Any CPU.ActiveCfg = Debug|Any CPU
		{ECD97CFC-172A-48BE-9F15-EECE7E4A0FDB}.Debug|Any CPU.Build.0 = Debug|Any CPU
		{ECD97CFC-172A-48BE-9F15-EECE7E4A0FDB}.Release|Any CPU.ActiveCfg = Release|Any CPU
		{ECD97CFC-172A-48BE-9F15-EECE7E4A0FDB}.Release|Any CPU.Build.0 = Release|Any CPU
	EndGlobalSection
	GlobalSection(SolutionProperties) = preSolution
		HideSolutionNode = FALSE
	EndGlobalSection
	GlobalSection(ExtensibilityGlobals) = postSolution
		SolutionGuid = {55B73711-FCD2-460C-AEF7-8C02578AEA3B}
	EndGlobalSection
EndGlobal
